
Microsoft Visual Studio Solution File, Format Version 11.00
# Visual Studio 2010
Project("{FAE04EC0-301F-11D3-BF4B-00C04F79EFBC}") = "Assembly-CSharp", "Assembly-CSharp.csproj", "{7C6AD0CD-674D-6B6B-9AC4-7236383B3890}"
EndProject
Project("{FAE04EC0-301F-11D3-BF4B-00C04F79EFBC}") = "Assembly-CSharp-Editor", "Assembly-CSharp-Editor.csproj", "{E8B34AB8-97B3-1F54-AD88-3CED22CC036A}"
EndProject
Global
	GlobalSection(SolutionConfigurationPlatforms) = preSolution
		Debug|Any CPU = Debug|Any CPU
		Release|Any CPU = Release|Any CPU
	EndGlobalSection
	GlobalSection(ProjectConfigurationPlatforms) = postSolution
		{7C6AD0CD-674D-6B6B-9AC4-7236383B3890}.Debug|Any CPU.ActiveCfg = Debug|Any CPU
		{7C6AD0CD-674D-6B6B-9AC4-7236383B3890}.Debug|Any CPU.Build.0 = Debug|Any CPU
		{7C6AD0CD-674D-6B6B-9AC4-7236383B3890}.Release|Any CPU.ActiveCfg = Release|Any CPU
		{7C6AD0CD-674D-6B6B-9AC4-7236383B3890}.Release|Any CPU.Build.0 = Release|Any CPU
		{E8B34AB8-97B3-1F54-AD88-3CED22CC036A}.Debug|Any CPU.ActiveCfg = Debug|Any CPU
		{E8B34AB8-97B3-1F54-AD88-3CED22CC036A}.Debug|Any CPU.Build.0 = Debug|Any CPU
		{E8B34AB8-97B3-1F54-AD88-3CED22CC036A}.Release|Any CPU.ActiveCfg = Release|Any CPU
		{E8B34AB8-97B3-1F54-AD88-3CED22CC036A}.Release|Any CPU.Build.0 = Release|Any CPU
	EndGlobalSection
	GlobalSection(SolutionProperties) = preSolution
		HideSolutionNode = FALSE
	EndGlobalSection
	GlobalSection(MonoDevelopProperties) = preSolution
		StartupItem = Assembly-CSharp.csproj
	EndGlobalSection
EndGlobal
